{
  "name": "use-kruger",
  "version": "1.0.0",
  "lockfileVersion": 2,
  "requires": true,
  "packages": {
    "": {
      "name": "use-kruger",
      "version": "1.0.0",
      "license": "ISC",
      "dependencies": {
        "kruger": "file:../kruger"
      }
    },
    "../kruger": {
      "version": "1.0.0",
      "license": "ISC"
    },
    "node_modules/kruger": {
      "resolved": "../kruger",
      "link": true
    }
  },
  "dependencies": {
    "kruger": {
      "version": "file:../kruger"
    }
  }
}
